
Microsoft Visual Studio Solution File, Format Version 12.00
# Visual Studio Version 17
VisualStudioVersion = 17.9.34728.123
MinimumVisualStudioVersion = 10.0.40219.1
Project("{FAE04EC0-301F-11D3-BF4B-00C04F79EFBC}") = "VectorDrawing", "VectorDrawing.csproj", "{BADDC117-9CA3-4EEB-AA02-5D4084E117A7}"
EndProject
Global
	GlobalSection(SolutionConfigurationPlatforms) = preSolution
		Debug|Any CPU = Debug|Any CPU
		Release|Any CPU = Release|Any CPU
	EndGlobalSection
	GlobalSection(ProjectConfigurationPlatforms) = postSolution
		{BADDC117-9CA3-4EEB-AA02-5D4084E117A7}.Debug|Any CPU.ActiveCfg = Debug|Any CPU
		{BADDC117-9CA3-4EEB-AA02-5D4084E117A7}.Debug|Any CPU.Build.0 = Debug|Any CPU
		{BADDC117-9CA3-4EEB-AA02-5D4084E117A7}.Release|Any CPU.ActiveCfg = Release|Any CPU
		{BADDC117-9CA3-4EEB-AA02-5D4084E117A7}.Release|Any CPU.Build.0 = Release|Any CPU
	EndGlobalSection
	GlobalSection(SolutionProperties) = preSolution
		HideSolutionNode = FALSE
	EndGlobalSection
	GlobalSection(ExtensibilityGlobals) = postSolution
		SolutionGuid = {38F0C987-F6F5-4DE4-BDD9-3B184CB42A5C}
	EndGlobalSection
EndGlobal
